{
	"name": "typescript",
	"version": "1.0.3",
	"lockfileVersion": 1,
	"requires": true,
	"dependencies": {
		"typescript": {
			"version": "2.9.2",
			"resolved": "https://registry.nlark.com/typescript/download/typescript-2.9.2.tgz?cache=0&sync_timestamp=1623954039701&other_urls=https%3A%2F%2Fregistry.nlark.com%2Ftypescript%2Fdownload%2Ftypescript-2.9.2.tgz",
			"integrity": "sha1-HL9h0F1rliaSROtqO85L2RTg8Aw="
		}
	}
}
